{
  "version": 4,
  "terraform_version": "1.4.6",
  "serial": 10,
  "lineage": "3683dc87-bd93-b7ee-7a8f-3274a4887812",
  "outputs": {},
  "resources": [
    {
      "mode": "data",
      "type": "aws_caller_identity",
      "name": "current",
      "provider": "provider[\"registry.terraform.io/hashicorp/aws\"]",
      "instances": [
        {
          "schema_version": 0,
          "attributes": {
            "account_id": "975635808270",
            "arn": "arn:aws:iam::975635808270:user/wallace-moreira",
            "id": "975635808270",
            "user_id": "AIDA6GKDNAAHBB4EKI7PF"
          },
          "sensitive_attributes": []
        }
      ]
    },
    {
      "mode": "data",
      "type": "aws_ecr_authorization_token",
      "name": "token",
      "provider": "provider[\"registry.terraform.io/hashicorp/aws\"]",
      "instances": [
        {
          "schema_version": 0,
          "attributes": {
            "authorization_token": "QVdTOmV5SndZWGxzYjJGa0lqb2lMMUVyUjNWTlRFVjBZMjlCTTJ0NGRIRmFZazF4WTNoaVNEbEpXbWx4Y2xCeVdFeFJZbWxTZFhSRFlVOUpXbGwzYjFCYVFrd3pSWGxNVERrM1NubG9ZWGR5U25kRllVRTJMMGMyUW5wVVYySjVVMUp1YWxsaFVsRk1kRVJqYzFoVGNFcG1aU3M1TVc1eVZYVktMMGR6T1VoaVdVZzNTMlpTVWxocWRFSkRkbTA1VW0xeFJuZDRXblpSYUM5dmN6TlBkemh0YzFaV1kyeGhaREp2ZEdKNVdETjVUMXBWV1dKa1ZtUjFVWGRLVkdVelpuWmxaR2s0UmpkRk5sZHphMmhOWTNSR1ZrSXlhRmRKTHprM05uaExPVlYxU3pkVmRuYzVXazE1ZVRSNUwzWmlXa1pUTmpoamIxQkRZVEF3VDBkS1pubG9jMVJXUkhOVGF6UnpUMDVRTmtWQlVsVnFORmgzWW05b00yUnpWM2hxZEZseFkwVnJOblZ6UWxKSFJtOUxaUzg1UmpSdVVXaEJkalZqTWtsU1RHeHNSakV3TW1SaWNESklaemRGZW1ndlJFVXlZUzlzYTFoWU5qWlpXRlEzTVdJNVZXNVNkREZSZEZsWE4zZGFLMHhzTDBwSU5pOUxUV2xGVFhSalIyUlhZMHcxWTA1M2VXTm5aR1JKVEdKbmRuaGxMMnh6WlhaTFIyOTViV2xrV1RkclRuTjNha3hpUVc5RFptWlVVRE5tYVZscGFGUjFVVlYxVWtKRksweEtWSHBSU1RSRVdVbG9ZMEpxV2tFNFlYUm9kbWhVY0ZkTE9YWXZTVEJKVnk4NGVXaExVM1puV1VaMU5WZGlPRVZMWjJaM1RUbFpZbGg2UVRGU1ZrTTVkVFI2ZW5Oa1dXOHpPRlJJYW1WbFJXeHFjM1JXYzNCYVdVd3pTRWhQY21SR00wUktMMjByZEVwRWNIbzRTemR2YWxaTlJrcDFWM2RoT1cweE5VUlJWbFZwYm1oWVZYWkpaV3REWkhGV1JGaFROV2N4WTJWWFVsWkROWGRTTURCbk5ERjRhREIwV2lzNGNFNVpkVlpLWXpaNmQzVXlUR2t5VVdVcllsRnFhMWxCZFZKak56a3JabWgzTTFGT1RWTXZNVEJwZHpOWldHWXZSWFV4V2pGTlZtdzFSMkpVUlZVNE9YQlpjMWQzU25sb1VrUTBUM014VkRkUGJGVk9aV1JoY0RsUE1XbFdZV0p4SzJSVmIyUTRVekpwWkRWQ056bFVSVkUxUlN0UFNUTm9OVkJrTm5CcFprcHZTVkY2VkhWc1EzZEZTSFU1U1hGYWJHOUdXVm8wUWtabVYwNW1jak5LT1hwVWNVTnlWelpTYUVGd1JtRXpSR0ZRUWtkS1pXTmhhVmxtUzNVd1oxb3hNbWxVV0dGc1NubE1iVE5NVlRCM1pVcElSbkpFWTFkMWMwbzRXV0kyU1ZSRlEzWmlWRWxxZEhCcU56WkdRVTlXYVdJck1UUXZTVXBzYWpWNVRVdDFka1kwTmpsWGJXSjVkM1Y0U0cxYU1IQjFOMHBsYkVNdlVtaHpka05uYlVSNVJtTkxVMFJuTDJkNWJrOVZNV1J0WjJZM2MxRlFja2huZDFaVWJEVk1iSGdyUVd3MFVHNTRjRlpCY2pFclZucEJXRmt3YVZCRFdXdHhUSE53WlZKRVlYWktRV2xLVG5aRlRDdDNZM05VVGpoaVZISnZkRlJGU1hkSWVXbE9jVGROVGpkQ2RuWnBRbXRwZVhwbmVVWlJaSGhwY25OTVZHa3JUMEUwTVc5eVkwaEJlaXRKTVc5MU0yeFhTRmQwZEdsalprcFJjREU1Ym1wWU5sVXpUbWsyVm5oalFXSkVNR1ZDVUdjOVBTSXNJbVJoZEdGclpYa2lPaUpCVVVWQ1FVaHFRamN2YVdkM1RXYzBUbEIzWVhWeWVGTkpXWGcwU0dadWVIVkhZeTgwT0dKRWQzWjNSSEJPV1ZkYVowRkJRVWcwZDJaQldVcExiMXBKYUhaalRrRlJZMGR2UnpoM1lsRkpRa0ZFUW05Q1oydHhhR3RwUnpsM01FSkNkMFYzU0dkWlNsbEpXa2xCVjFWRVFrRkZkVTFDUlVWRVEwWXZVM3BoVWtwblVsZHhhMmd5V0ZGSlFrVkpRVGRZZDFreVptdGhhRXBvVlVwNlMweGhiM0psYkc1SVEwVldhRTFZUlVkcE16bFpXbXBZVlZWNkszSXlhVUphYm5nd2NrcFhaM3B1TUZCd1ZXZHRZVU5sZVhWQlprWlNZMDgwZUVGalluUk5QU0lzSW5abGNuTnBiMjRpT2lJeUlpd2lkSGx3WlNJNklrUkJWRUZmUzBWWklpd2laWGh3YVhKaGRHbHZiaUk2TVRjd01qUTFNemMyTlgwPQ==",
            "expires_at": "2023-12-13T07:49:25Z",
            "id": "us-east-2",
            "password": "eyJwYXlsb2FkIjoiL1ErR3VNTEV0Y29BM2t4dHFaYk1xY3hiSDlJWmlxclByWExRYmlSdXRDYU9JWll3b1BaQkwzRXlMTDk3SnloYXdySndFYUE2L0c2QnpUV2J5U1JuallhUlFMdERjc1hTcEpmZSs5MW5yVXVKL0dzOUhiWUg3S2ZSUlhqdEJDdm05Um1xRnd4WnZRaC9vczNPdzhtc1ZWY2xhZDJvdGJ5WDN5T1pVWWJkVmR1UXdKVGUzZnZlZGk4RjdFNldza2hNY3RGVkIyaFdJLzk3NnhLOVV1SzdVdnc5Wk15eTR5L3ZiWkZTNjhjb1BDYTAwT0dKZnloc1RWRHNTazRzT05QNkVBUlVqNFh3Ym9oM2RzV3hqdFlxY0VrNnVzQlJHRm9LZS85RjRuUWhBdjVjMklSTGxsRjEwMmRicDJIZzdFemgvREUyYS9sa1hYNjZZWFQ3MWI5VW5SdDFRdFlXN3daK0xsL0pINi9LTWlFTXRjR2RXY0w1Y053eWNnZGRJTGJndnhlL2xzZXZLR295bWlkWTdrTnN3akxiQW9DZmZUUDNmaVlpaFR1UVV1UkJFK0xKVHpRSTREWUloY0JqWkE4YXRodmhUcFdLOXYvSTBJVy84eWhLU3ZnWUZ1NVdiOEVLZ2Z3TTlZYlh6QTFSVkM5dTR6enNkWW8zOFRIamVlRWxqc3RWc3BaWUwzSEhPcmRGM0RKL20rdEpEcHo4SzdvalZNRkp1V3dhOW0xNURRVlVpbmhYVXZJZWtDZHFWRFhTNWcxY2VXUlZDNXdSMDBnNDF4aDB0Wis4cE5ZdVZKYzZ6d3UyTGkyUWUrYlFqa1lBdVJjNzkrZmh3M1FOTVMvMTBpdzNZWGYvRXUxWjFNVmw1R2JURVU4OXBZc1d3SnloUkQ0T3MxVDdPbFVOZWRhcDlPMWlWYWJxK2RVb2Q4UzJpZDVCNzlURVE1RStPSTNoNVBkNnBpZkpvSVF6VHVsQ3dFSHU5SXFabG9GWVo0QkZmV05mcjNKOXpUcUNyVzZSaEFwRmEzRGFQQkdKZWNhaVlmS3UwZ1oxMmlUWGFsSnlMbTNMVTB3ZUpIRnJEY1d1c0o4WWI2SVRFQ3ZiVElqdHBqNzZGQU9WaWIrMTQvSUpsajV5TUt1dkY0NjlXbWJ5d3V4SG1aMHB1N0plbEMvUmhzdkNnbUR5RmNLU0RnL2d5bk9VMWRtZ2Y3c1FQckhnd1ZUbDVMbHgrQWw0UG54cFZBcjErVnpBWFkwaVBDWWtxTHNwZVJEYXZKQWlKTnZFTCt3Y3NUTjhiVHJvdFRFSXdIeWlOcTdNTjdCdnZpQmtpeXpneUZRZHhpcnNMVGkrT0E0MW9yY0hBeitJMW91M2xXSFd0dGljZkpRcDE5bmpYNlUzTmk2VnhjQWJEMGVCUGc9PSIsImRhdGFrZXkiOiJBUUVCQUhqQjcvaWd3TWc0TlB3YXVyeFNJWXg0SGZueHVHYy80OGJEd3Z3RHBOWVdaZ0FBQUg0d2ZBWUpLb1pJaHZjTkFRY0dvRzh3YlFJQkFEQm9CZ2txaGtpRzl3MEJCd0V3SGdZSllJWklBV1VEQkFFdU1CRUVEQ0YvU3phUkpnUldxa2gyWFFJQkVJQTdYd1kyZmthaEpoVUp6S0xhb3JlbG5IQ0VWaE1YRUdpMzlZWmpYVVV6K3IyaUJabngwckpXZ3puMFBwVWdtYUNleXVBZkZSY080eEFjYnRNPSIsInZlcnNpb24iOiIyIiwidHlwZSI6IkRBVEFfS0VZIiwiZXhwaXJhdGlvbiI6MTcwMjQ1Mzc2NX0=",
            "proxy_endpoint": "https://975635808270.dkr.ecr.us-east-2.amazonaws.com",
            "registry_id": null,
            "user_name": "AWS"
          },
          "sensitive_attributes": []
        }
      ]
    },
    {
      "module": "module.ecr",
      "mode": "data",
      "type": "aws_caller_identity",
      "name": "current",
      "provider": "provider[\"registry.terraform.io/hashicorp/aws\"]",
      "instances": [
        {
          "schema_version": 0,
          "attributes": {
            "account_id": "975635808270",
            "arn": "arn:aws:iam::975635808270:user/wallace-moreira",
            "id": "975635808270",
            "user_id": "AIDA6GKDNAAHBB4EKI7PF"
          },
          "sensitive_attributes": []
        }
      ]
    },
    {
      "module": "module.ecr",
      "mode": "data",
      "type": "aws_ecr_authorization_token",
      "name": "token",
      "provider": "provider[\"registry.terraform.io/hashicorp/aws\"]",
      "instances": [
        {
          "schema_version": 0,
          "attributes": {
            "authorization_token": "QVdTOmV5SndZWGxzYjJGa0lqb2liVkkzWlhwWlpITkVUbUZRV0RScVJqRmtWV3dyTkZKbmJUSmlVR0pKVUZSQ1FYWnFObUkwVkU5Mk4zbHhRV1ZCUXpCbFRVWXJORXRXVlRkdlJDOTRhMFZaVTBOVU5IbDNiakZ1V2t0dE9XUkpWREpVWjNGcGFFRTVZVlJTWWxsbWJHZDNXRmcxZUV4RFRHcEdVRVJwTVZWT1FrZExOWEkwU25aaEswWlRVbkJTTWt0dGRuSlRiVGxJV1ZrMmFYaE5VVUV2UWsweFJ6SjBNV3BETTNKb2VqWXdSV3BtYnpFMU9YaFdlbEo0ZUhGRlRWWnJiMVpXWTI1dVkxaExVVEJ6UldSUmRFbHJRMHhGYUUxNlowMVBhbXRIVkZWUWNVOXlSR2hDYWxvd05WaE1ieTlIV21aU2FXZEtSMWxpYkhGdVUzbE9TbXdyT1VSQmJXRmxkUzlyWTJSUVozY3hORlpqVFc1bVNreEJOVTl4TkU5dWRYaDJObGh4Vm5KaWRYRmlkVVJ2VERWU2NIZHVVa1pJY1ZnMVdFZE5NRnBqYldwc04yZHFSazlzUmt4V2JrSnVSMnBJTVU5SU5VZGlTR3A0UkV0UFkwUXJTSEJpWTJSSVQyTldhR2hDZEVGMFNtZzJWRWhSTlVsR1ZXYzBOa3MwYlVWWmMxUkZZWFpzU0VSNk5EZFhiMVZwY0hsQk1tOWxhbVYwWVVaTlN5ODVVM1ZyVkhjMlExVlJRakpUZG5Kd1F6ZHRkV3RWZUZrMlZqVktabTVOVkhWbGJsTmlWVFJFUW5KT1RsaEVSSEZhVFdOQmEyZEJRa3BwYUVaeFRVa3pRelJpVEVNclNEWnVMMjlaVEVKRlFrVnJiSEZyUjBGQ2NHcEViVEprUlZsdmFqUjBaak5DWVRSNmJVRlhSV1Y1VUhaVFZEYzFjbFZ3WmtGNVpuQTRRVmQ2Um1sTkx6QTFia2d2WlRCeU5VZzJhVFV2T0d4eFV6QldiVlI0YzNwamNEZEpiVFZyTUZsNFJYbFZWbFJsTWpoMU5HSktSREJHU2xCU1NYTnpaMkpOYUVWWWJIVnlkVEo0Y2pCV2FHdExVbmx6UTFoS1kwZFlNVTAxVUhGaU4wOTFObVk1Wm1SaGNUTkRVWGhLV1dSNVJGWlBOV0ZRTmsxYWNYVmhhRU0xYm5SdlRIYzNXRzlRZEZWWFNWTXllbVZFWnl0VE5FZE9PVWRHTnpadFozVkRWSEo0ZFRGMlVEbEdkMHcwUkRsNVFYRXlORUZuZFVobVl5c3labGxhVVdWUFYyRnZRbmN2YVV4UGFuZEVRVVl4YW5wSmNVTk1ZV2xYWkdWNVdVVmlhRzQ1YTJKWFRIb3JXVzVCVFVGc1dFdHphVFpuYW5aVVZVWlNNV3BEUXl0T1YxaEJRa3A1VG1ZclowbGxaRUZQY0U1M01VdzRVR1VyVDJ3eWNqVXZhRlpFYWxndmVGRlJUV1kwYkhkQ05taGpaVVJ6T0ZOSlQxaE9Va0owVVhWSVlXRnNXR1ZOVVZaeWRXZElhRlY2WW05VWQxcE5PV2xxU3psV09FMVZPRWxLYVM5TGFtaFFZWFo1TWpoRU0xZFpabmRLV0dSWVlWTjZjMGsyYXpSWlFpOXplRWRSVTAwdllpc3lRMmN4WVZwaVNHYzFZMDlVVjNGaVNIaHNWWGxUWldwVU9GcE1WbVo0Y0daeE4yUkhTMHRRYjBOR01HZENVbEZxVmxwRlEzTTJOalkyVmxCSVVtRXZiVmRpT0V4ME9GbGtNalpaUWsxRGF5OWlXVWd6Ukc0M2EzWnZTVUZIU2xsTU4ycEJWR1o0VWxGM1EwVmFNRzlDVEUxRWVtd3pkMUJsT1haSGVrZDBORVJLTlZFOVBTSXNJbVJoZEdGclpYa2lPaUpCVVVWQ1FVaHFRamN2YVdkM1RXYzBUbEIzWVhWeWVGTkpXWGcwU0dadWVIVkhZeTgwT0dKRWQzWjNSSEJPV1ZkYVowRkJRVWcwZDJaQldVcExiMXBKYUhaalRrRlJZMGR2UnpoM1lsRkpRa0ZFUW05Q1oydHhhR3RwUnpsM01FSkNkMFYzU0dkWlNsbEpXa2xCVjFWRVFrRkZkVTFDUlVWRVJua3JRak0yTkd0aGQxcE5TV2R0SzBGSlFrVkpRVGQzVTI5TWVqazNSVU5tY1RNdmRqaHBhak4yTVhJM1IwMVpWM1Y0YUVodGFFZEJMMlpsZUhFNU56RjBkVWhLY2pCRllrMTRRM0o1T0hkdFluRXhNRFpvY21wd2VqRnJiME4zUTNCWWRuSjNQU0lzSW5abGNuTnBiMjRpT2lJeUlpd2lkSGx3WlNJNklrUkJWRUZmUzBWWklpd2laWGh3YVhKaGRHbHZiaUk2TVRjd01qUTFNemMyTlgwPQ==",
            "expires_at": "2023-12-13T07:49:25Z",
            "id": "us-east-2",
            "password": "eyJwYXlsb2FkIjoibVI3ZXpZZHNETmFQWDRqRjFkVWwrNFJnbTJiUGJJUFRCQXZqNmI0VE92N3lxQWVBQzBlTUYrNEtWVTdvRC94a0VZU0NUNHl3bjFuWkttOWRJVDJUZ3FpaEE5YVRSYllmbGd3WFg1eExDTGpGUERpMVVOQkdLNXI0SnZhK0ZTUnBSMkttdnJTbTlIWVk2aXhNUUEvQk0xRzJ0MWpDM3JoejYwRWpmbzE1OXhWelJ4eHFFTVZrb1ZWY25uY1hLUTBzRWRRdElrQ0xFaE16Z01PamtHVFVQcU9yRGhCalowNVhMby9HWmZSaWdKR1libHFuU3lOSmwrOURBbWFldS9rY2RQZ3cxNFZjTW5mSkxBNU9xNE9udXh2NlhxVnJidXFidURvTDVScHduUkZIcVg1WEdNMFpjbWpsN2dqRk9sRkxWbkJuR2pIMU9INUdiSGp4REtPY0QrSHBiY2RIT2NWaGhCdEF0Smg2VEhRNUlGVWc0Nks0bUVZc1RFYXZsSER6NDdXb1VpcHlBMm9lamV0YUZNSy85U3VrVHc2Q1VRQjJTdnJwQzdtdWtVeFk2VjVKZm5NVHVlblNiVTREQnJOTlhERHFaTWNBa2dBQkppaEZxTUkzQzRiTEMrSDZuL29ZTEJFQkVrbHFrR0FCcGpEbTJkRVlvajR0ZjNCYTR6bUFXRWV5UHZTVDc1clVwZkF5ZnA4QVd6RmlNLzA1bkgvZTByNUg2aTUvOGxxUzBWbVR4c3pjcDdJbTVrMFl4RXlVVlRlMjh1NGJKRDBGSlBSSXNzZ2JNaEVYbHVydTJ4cjBWaGtLUnlzQ1hKY0dYMU01UHFiN091NmY5ZmRhcTNDUXhKWWR5RFZPNWFQNk1acXVhaEM1bnRvTHc3WG9QdFVXSVMyemVEZytTNEdOOUdGNzZtZ3VDVHJ4dTF2UDlGd0w0RDl5QXEyNEFndUhmYysyZllaUWVPV2FvQncvaUxPandEQUYxanpJcUNMYWlXZGV5WUViaG45a2JXTHorWW5BTUFsWEtzaTZnanZUVUZSMWpDQytOV1hBQkp5TmYrZ0llZEFPcE53MUw4UGUrT2wycjUvaFZEalgveFFRTWY0bHdCNmhjZURzOFNJT1hOUkJ0UXVIYWFsWGVNUVZydWdIaFV6Ym9Ud1pNOWlqSzlWOE1VOElKaS9LamhQYXZ5MjhEM1dZZndKWGRYYVN6c0k2azRZQi9zeEdRU00vYisyQ2cxYVpiSGc1Y09UV3FiSHhsVXlTZWpUOFpMVmZ4cGZxN2RHS0tQb0NGMGdCUlFqVlpFQ3M2NjY2VlBIUmEvbVdiOEx0OFlkMjZZQk1Day9iWUgzRG43a3ZvSUFHSllMN2pBVGZ4UlF3Q0VaMG9CTE1Eemwzd1BlOXZHekd0NERKNVE9PSIsImRhdGFrZXkiOiJBUUVCQUhqQjcvaWd3TWc0TlB3YXVyeFNJWXg0SGZueHVHYy80OGJEd3Z3RHBOWVdaZ0FBQUg0d2ZBWUpLb1pJaHZjTkFRY0dvRzh3YlFJQkFEQm9CZ2txaGtpRzl3MEJCd0V3SGdZSllJWklBV1VEQkFFdU1CRUVERnkrQjM2NGthd1pNSWdtK0FJQkVJQTd3U29Mejk3RUNmcTMvdjhpajN2MXI3R01ZV3V4aEhtaEdBL2ZleHE5NzF0dUhKcjBFYk14Q3J5OHdtYnExMDZocmpwejFrb0N3Q3BYdnJ3PSIsInZlcnNpb24iOiIyIiwidHlwZSI6IkRBVEFfS0VZIiwiZXhwaXJhdGlvbiI6MTcwMjQ1Mzc2NX0=",
            "proxy_endpoint": "https://975635808270.dkr.ecr.us-east-2.amazonaws.com",
            "registry_id": null,
            "user_name": "AWS"
          },
          "sensitive_attributes": []
        }
      ]
    },
    {
      "module": "module.ecr",
      "mode": "managed",
      "type": "aws_ecr_repository",
      "name": "wallace-ecr",
      "provider": "provider[\"registry.terraform.io/hashicorp/aws\"]",
      "instances": [
        {
          "schema_version": 0,
          "attributes": {
            "arn": "arn:aws:ecr:us-east-2:975635808270:repository/wallace-app-ecr",
            "encryption_configuration": [
              {
                "encryption_type": "AES256",
                "kms_key": ""
              }
            ],
            "force_delete": null,
            "id": "wallace-app-ecr",
            "image_scanning_configuration": [
              {
                "scan_on_push": false
              }
            ],
            "image_tag_mutability": "MUTABLE",
            "name": "wallace-app-ecr",
            "registry_id": "975635808270",
            "repository_url": "975635808270.dkr.ecr.us-east-2.amazonaws.com/wallace-app-ecr",
            "tags": null,
            "tags_all": {},
            "timeouts": null
          },
          "sensitive_attributes": [],
          "private": "eyJlMmJmYjczMC1lY2FhLTExZTYtOGY4OC0zNDM2M2JjN2M0YzAiOnsiZGVsZXRlIjoxMjAwMDAwMDAwMDAwfX0="
        }
      ]
    },
    {
      "module": "module.ecr",
      "mode": "managed",
      "type": "null_resource",
      "name": "push_image_to_ecr",
      "provider": "provider[\"registry.terraform.io/hashicorp/null\"]",
      "instances": [
        {
          "status": "tainted",
          "schema_version": 0,
          "attributes": {
            "id": "570807496561009623",
            "triggers": {
              "ecr_repository_id": "wallace-app-ecr"
            }
          },
          "sensitive_attributes": [],
          "dependencies": [
            "module.ecr.aws_ecr_repository.wallace-ecr",
            "module.ecr.data.aws_caller_identity.current"
          ]
        }
      ]
    },
    {
      "module": "module.instances",
      "mode": "managed",
      "type": "aws_instance",
      "name": "app_instance-wallace-terraform",
      "provider": "provider[\"registry.terraform.io/hashicorp/aws\"]",
      "instances": [
        {
          "schema_version": 1,
          "attributes": {
            "ami": "ami-0fa399d9c130ec923",
            "arn": "arn:aws:ec2:us-east-2:975635808270:instance/i-0ca29b7cddcd03b40",
            "associate_public_ip_address": false,
            "availability_zone": "us-east-2a",
            "capacity_reservation_specification": [
              {
                "capacity_reservation_preference": "open",
                "capacity_reservation_target": []
              }
            ],
            "cpu_core_count": 1,
            "cpu_options": [
              {
                "amd_sev_snp": "",
                "core_count": 1,
                "threads_per_core": 1
              }
            ],
            "cpu_threads_per_core": 1,
            "credit_specification": [
              {
                "cpu_credits": "standard"
              }
            ],
            "disable_api_stop": false,
            "disable_api_termination": false,
            "ebs_block_device": [],
            "ebs_optimized": false,
            "enclave_options": [
              {
                "enabled": false
              }
            ],
            "ephemeral_block_device": [],
            "get_password_data": false,
            "hibernation": false,
            "host_id": "",
            "host_resource_group_arn": null,
            "iam_instance_profile": "",
            "id": "i-0ca29b7cddcd03b40",
            "instance_initiated_shutdown_behavior": "stop",
            "instance_lifecycle": "",
            "instance_market_options": [],
            "instance_state": "running",
            "instance_type": "t2.micro",
            "ipv6_address_count": 0,
            "ipv6_addresses": [],
            "key_name": "",
            "launch_template": [],
            "maintenance_options": [
              {
                "auto_recovery": "default"
              }
            ],
            "metadata_options": [
              {
                "http_endpoint": "enabled",
                "http_protocol_ipv6": "disabled",
                "http_put_response_hop_limit": 2,
                "http_tokens": "required",
                "instance_metadata_tags": "disabled"
              }
            ],
            "monitoring": false,
            "network_interface": [],
            "outpost_arn": "",
            "password_data": "",
            "placement_group": "",
            "placement_partition_number": 0,
            "primary_network_interface_id": "eni-0c96ebc259f964b1a",
            "private_dns": "ip-10-0-1-144.us-east-2.compute.internal",
            "private_dns_name_options": [
              {
                "enable_resource_name_dns_a_record": false,
                "enable_resource_name_dns_aaaa_record": false,
                "hostname_type": "ip-name"
              }
            ],
            "private_ip": "10.0.1.144",
            "public_dns": "",
            "public_ip": "",
            "root_block_device": [
              {
                "delete_on_termination": true,
                "device_name": "/dev/xvda",
                "encrypted": false,
                "iops": 3000,
                "kms_key_id": "",
                "tags": {},
                "throughput": 125,
                "volume_id": "vol-0a7b39cb160c279fe",
                "volume_size": 8,
                "volume_type": "gp3"
              }
            ],
            "secondary_private_ips": [],
            "security_groups": [],
            "source_dest_check": true,
            "spot_instance_request_id": "",
            "subnet_id": "subnet-0cb2b06c6973a1fa4",
            "tags": {
              "Name": "app-instance-wallace-terraform"
            },
            "tags_all": {
              "Name": "app-instance-wallace-terraform"
            },
            "tenancy": "default",
            "timeouts": null,
            "user_data": null,
            "user_data_base64": null,
            "user_data_replace_on_change": false,
            "volume_tags": null,
            "vpc_security_group_ids": [
              "sg-0b9a3af09731e173d"
            ]
          },
          "sensitive_attributes": [],
          "private": "eyJlMmJmYjczMC1lY2FhLTExZTYtOGY4OC0zNDM2M2JjN2M0YzAiOnsiY3JlYXRlIjo2MDAwMDAwMDAwMDAsImRlbGV0ZSI6MTIwMDAwMDAwMDAwMCwidXBkYXRlIjo2MDAwMDAwMDAwMDB9LCJzY2hlbWFfdmVyc2lvbiI6IjEifQ==",
          "dependencies": [
            "module.network.aws_eip.nat_gateway_elastic_ip",
            "module.network.aws_internet_gateway.internet_gateway",
            "module.network.aws_nat_gateway.app-nat-gateway",
            "module.network.aws_route_table.private_route_table",
            "module.network.aws_route_table.public_route_table",
            "module.network.aws_route_table_association.private_subnet_association",
            "module.network.aws_route_table_association.public_subnet_association",
            "module.network.aws_subnet.Private_subnet",
            "module.network.aws_subnet.public_subnet",
            "module.network.aws_vpc.app_vpc-wallace-terraform"
          ]
        }
      ]
    },
    {
      "module": "module.instances",
      "mode": "managed",
      "type": "aws_security_group",
      "name": "wallace-app-security-group",
      "provider": "provider[\"registry.terraform.io/hashicorp/aws\"]",
      "instances": [
        {
          "schema_version": 1,
          "attributes": {
            "arn": "arn:aws:ec2:us-east-2:975635808270:security-group/sg-00a39bf8d0fce34e0",
            "description": "Allow TLS inbound traffic",
            "egress": [
              {
                "cidr_blocks": [
                  "0.0.0.0/0"
                ],
                "description": "",
                "from_port": 0,
                "ipv6_cidr_blocks": [
                  "::/0"
                ],
                "prefix_list_ids": [],
                "protocol": "-1",
                "security_groups": [],
                "self": false,
                "to_port": 0
              }
            ],
            "id": "sg-00a39bf8d0fce34e0",
            "ingress": [
              {
                "cidr_blocks": [
                  "10.0.0.0/16"
                ],
                "description": "HTTP",
                "from_port": 80,
                "ipv6_cidr_blocks": [],
                "prefix_list_ids": [],
                "protocol": "tcp",
                "security_groups": [],
                "self": false,
                "to_port": 80
              },
              {
                "cidr_blocks": [
                  "10.0.0.0/16"
                ],
                "description": "TLS from VPC",
                "from_port": 443,
                "ipv6_cidr_blocks": [],
                "prefix_list_ids": [],
                "protocol": "tcp",
                "security_groups": [],
                "self": false,
                "to_port": 443
              }
            ],
            "name": "wallace-app-security-group",
            "name_prefix": "",
            "owner_id": "975635808270",
            "revoke_rules_on_delete": false,
            "tags": {
              "Name": "Wallace-app-Security-Group"
            },
            "tags_all": {
              "Name": "Wallace-app-Security-Group"
            },
            "timeouts": null,
            "vpc_id": "vpc-01df810fc5bf15918"
          },
          "sensitive_attributes": [],
          "private": "eyJlMmJmYjczMC1lY2FhLTExZTYtOGY4OC0zNDM2M2JjN2M0YzAiOnsiY3JlYXRlIjo2MDAwMDAwMDAwMDAsImRlbGV0ZSI6OTAwMDAwMDAwMDAwfSwic2NoZW1hX3ZlcnNpb24iOiIxIn0=",
          "dependencies": [
            "module.network.aws_eip.nat_gateway_elastic_ip",
            "module.network.aws_internet_gateway.internet_gateway",
            "module.network.aws_nat_gateway.app-nat-gateway",
            "module.network.aws_route_table.private_route_table",
            "module.network.aws_route_table.public_route_table",
            "module.network.aws_route_table_association.private_subnet_association",
            "module.network.aws_route_table_association.public_subnet_association",
            "module.network.aws_subnet.Private_subnet",
            "module.network.aws_subnet.public_subnet",
            "module.network.aws_vpc.app_vpc-wallace-terraform"
          ]
        }
      ]
    },
    {
      "module": "module.network",
      "mode": "managed",
      "type": "aws_eip",
      "name": "nat_gateway_elastic_ip",
      "provider": "provider[\"registry.terraform.io/hashicorp/aws\"]",
      "instances": [
        {
          "schema_version": 0,
          "attributes": {
            "address": null,
            "allocation_id": "eipalloc-0a4cdfdca5826e66b",
            "associate_with_private_ip": null,
            "association_id": "eipassoc-0ac0b434fcfea200d",
            "carrier_ip": "",
            "customer_owned_ip": "",
            "customer_owned_ipv4_pool": "",
            "domain": "vpc",
            "id": "eipalloc-0a4cdfdca5826e66b",
            "instance": "",
            "network_border_group": "us-east-2",
            "network_interface": "eni-075d562eda4dd0f17",
            "private_dns": "ip-10-0-1-106.us-east-2.compute.internal",
            "private_ip": "10.0.1.106",
            "public_dns": "ec2-18-217-95-191.us-east-2.compute.amazonaws.com",
            "public_ip": "18.217.95.191",
            "public_ipv4_pool": "amazon",
            "tags": {
              "Name": "wallace-Elastic_IP"
            },
            "tags_all": {
              "Name": "wallace-Elastic_IP"
            },
            "timeouts": null,
            "vpc": true
          },
          "sensitive_attributes": [],
          "private": "eyJlMmJmYjczMC1lY2FhLTExZTYtOGY4OC0zNDM2M2JjN2M0YzAiOnsiZGVsZXRlIjoxODAwMDAwMDAwMDAsInJlYWQiOjkwMDAwMDAwMDAwMCwidXBkYXRlIjozMDAwMDAwMDAwMDB9fQ=="
        }
      ]
    },
    {
      "module": "module.network",
      "mode": "managed",
      "type": "aws_internet_gateway",
      "name": "internet_gateway",
      "provider": "provider[\"registry.terraform.io/hashicorp/aws\"]",
      "instances": [
        {
          "schema_version": 0,
          "attributes": {
            "arn": "arn:aws:ec2:us-east-2:975635808270:internet-gateway/igw-012b07267b910a656",
            "id": "igw-012b07267b910a656",
            "owner_id": "975635808270",
            "tags": {
              "Name": "app-vpc-wallace-Internet-Gateway"
            },
            "tags_all": {
              "Name": "app-vpc-wallace-Internet-Gateway"
            },
            "timeouts": null,
            "vpc_id": "vpc-01df810fc5bf15918"
          },
          "sensitive_attributes": [],
          "private": "eyJlMmJmYjczMC1lY2FhLTExZTYtOGY4OC0zNDM2M2JjN2M0YzAiOnsiY3JlYXRlIjoxMjAwMDAwMDAwMDAwLCJkZWxldGUiOjEyMDAwMDAwMDAwMDAsInVwZGF0ZSI6MTIwMDAwMDAwMDAwMH19",
          "dependencies": [
            "module.network.aws_vpc.app_vpc-wallace-terraform"
          ]
        }
      ]
    },
    {
      "module": "module.network",
      "mode": "managed",
      "type": "aws_nat_gateway",
      "name": "app-nat-gateway",
      "provider": "provider[\"registry.terraform.io/hashicorp/aws\"]",
      "instances": [
        {
          "schema_version": 0,
          "attributes": {
            "allocation_id": "eipalloc-0a4cdfdca5826e66b",
            "association_id": "eipassoc-0ac0b434fcfea200d",
            "connectivity_type": "public",
            "id": "nat-0a579c185d7716e95",
            "network_interface_id": "eni-075d562eda4dd0f17",
            "private_ip": "10.0.1.106",
            "public_ip": "18.217.95.191",
            "secondary_allocation_ids": [],
            "secondary_private_ip_address_count": 0,
            "secondary_private_ip_addresses": [],
            "subnet_id": "subnet-0cb2b06c6973a1fa4",
            "tags": {
              "Name": "app-wallace-Nat-Gateway"
            },
            "tags_all": {
              "Name": "app-wallace-Nat-Gateway"
            },
            "timeouts": null
          },
          "sensitive_attributes": [],
          "private": "eyJlMmJmYjczMC1lY2FhLTExZTYtOGY4OC0zNDM2M2JjN2M0YzAiOnsiY3JlYXRlIjo2MDAwMDAwMDAwMDAsImRlbGV0ZSI6MTgwMDAwMDAwMDAwMCwidXBkYXRlIjo2MDAwMDAwMDAwMDB9fQ==",
          "dependencies": [
            "module.network.aws_eip.nat_gateway_elastic_ip",
            "module.network.aws_internet_gateway.internet_gateway",
            "module.network.aws_subnet.public_subnet",
            "module.network.aws_vpc.app_vpc-wallace-terraform"
          ]
        }
      ]
    },
    {
      "module": "module.network",
      "mode": "managed",
      "type": "aws_route_table",
      "name": "private_route_table",
      "provider": "provider[\"registry.terraform.io/hashicorp/aws\"]",
      "instances": [
        {
          "schema_version": 0,
          "attributes": {
            "arn": "arn:aws:ec2:us-east-2:975635808270:route-table/rtb-01f81993d5eac7143",
            "id": "rtb-01f81993d5eac7143",
            "owner_id": "975635808270",
            "propagating_vgws": [],
            "route": [
              {
                "carrier_gateway_id": "",
                "cidr_block": "10.0.1.0/24",
                "core_network_arn": "",
                "destination_prefix_list_id": "",
                "egress_only_gateway_id": "",
                "gateway_id": "nat-0a579c185d7716e95",
                "ipv6_cidr_block": "",
                "local_gateway_id": "",
                "nat_gateway_id": "",
                "network_interface_id": "",
                "transit_gateway_id": "",
                "vpc_endpoint_id": "",
                "vpc_peering_connection_id": ""
              }
            ],
            "tags": {
              "Name": "Private-Route-Table"
            },
            "tags_all": {
              "Name": "Private-Route-Table"
            },
            "timeouts": null,
            "vpc_id": "vpc-01df810fc5bf15918"
          },
          "sensitive_attributes": [],
          "private": "eyJlMmJmYjczMC1lY2FhLTExZTYtOGY4OC0zNDM2M2JjN2M0YzAiOnsiY3JlYXRlIjozMDAwMDAwMDAwMDAsImRlbGV0ZSI6MzAwMDAwMDAwMDAwLCJ1cGRhdGUiOjEyMDAwMDAwMDAwMH19",
          "dependencies": [
            "module.network.aws_nat_gateway.app-nat-gateway",
            "module.network.aws_vpc.app_vpc-wallace-terraform"
          ]
        }
      ]
    },
    {
      "module": "module.network",
      "mode": "managed",
      "type": "aws_route_table",
      "name": "public_route_table",
      "provider": "provider[\"registry.terraform.io/hashicorp/aws\"]",
      "instances": [
        {
          "schema_version": 0,
          "attributes": {
            "arn": "arn:aws:ec2:us-east-2:975635808270:route-table/rtb-065b2bad1f07e053a",
            "id": "rtb-065b2bad1f07e053a",
            "owner_id": "975635808270",
            "propagating_vgws": [],
            "route": [
              {
                "carrier_gateway_id": "",
                "cidr_block": "0.0.0.0/0",
                "core_network_arn": "",
                "destination_prefix_list_id": "",
                "egress_only_gateway_id": "",
                "gateway_id": "igw-012b07267b910a656",
                "ipv6_cidr_block": "",
                "local_gateway_id": "",
                "nat_gateway_id": "",
                "network_interface_id": "",
                "transit_gateway_id": "",
                "vpc_endpoint_id": "",
                "vpc_peering_connection_id": ""
              }
            ],
            "tags": {
              "Name": "Public-Route-Table"
            },
            "tags_all": {
              "Name": "Public-Route-Table"
            },
            "timeouts": null,
            "vpc_id": "vpc-01df810fc5bf15918"
          },
          "sensitive_attributes": [],
          "private": "eyJlMmJmYjczMC1lY2FhLTExZTYtOGY4OC0zNDM2M2JjN2M0YzAiOnsiY3JlYXRlIjozMDAwMDAwMDAwMDAsImRlbGV0ZSI6MzAwMDAwMDAwMDAwLCJ1cGRhdGUiOjEyMDAwMDAwMDAwMH19",
          "dependencies": [
            "module.network.aws_internet_gateway.internet_gateway",
            "module.network.aws_vpc.app_vpc-wallace-terraform"
          ]
        }
      ]
    },
    {
      "module": "module.network",
      "mode": "managed",
      "type": "aws_route_table_association",
      "name": "private_subnet_association",
      "provider": "provider[\"registry.terraform.io/hashicorp/aws\"]",
      "instances": [
        {
          "schema_version": 0,
          "attributes": {
            "gateway_id": "",
            "id": "rtbassoc-06ec8859c9190dbb9",
            "route_table_id": "rtb-01f81993d5eac7143",
            "subnet_id": "subnet-077a04f8f7454754f",
            "timeouts": null
          },
          "sensitive_attributes": [],
          "private": "eyJlMmJmYjczMC1lY2FhLTExZTYtOGY4OC0zNDM2M2JjN2M0YzAiOnsiY3JlYXRlIjozMDAwMDAwMDAwMDAsImRlbGV0ZSI6MzAwMDAwMDAwMDAwLCJ1cGRhdGUiOjEyMDAwMDAwMDAwMH19",
          "dependencies": [
            "module.network.aws_eip.nat_gateway_elastic_ip",
            "module.network.aws_internet_gateway.internet_gateway",
            "module.network.aws_nat_gateway.app-nat-gateway",
            "module.network.aws_route_table.private_route_table",
            "module.network.aws_subnet.Private_subnet",
            "module.network.aws_subnet.public_subnet",
            "module.network.aws_vpc.app_vpc-wallace-terraform"
          ]
        }
      ]
    },
    {
      "module": "module.network",
      "mode": "managed",
      "type": "aws_route_table_association",
      "name": "public_subnet_association",
      "provider": "provider[\"registry.terraform.io/hashicorp/aws\"]",
      "instances": [
        {
          "schema_version": 0,
          "attributes": {
            "gateway_id": "",
            "id": "rtbassoc-0e4b34721a8c49f07",
            "route_table_id": "rtb-065b2bad1f07e053a",
            "subnet_id": "subnet-0cb2b06c6973a1fa4",
            "timeouts": null
          },
          "sensitive_attributes": [],
          "private": "eyJlMmJmYjczMC1lY2FhLTExZTYtOGY4OC0zNDM2M2JjN2M0YzAiOnsiY3JlYXRlIjozMDAwMDAwMDAwMDAsImRlbGV0ZSI6MzAwMDAwMDAwMDAwLCJ1cGRhdGUiOjEyMDAwMDAwMDAwMH19",
          "dependencies": [
            "module.network.aws_internet_gateway.internet_gateway",
            "module.network.aws_route_table.public_route_table",
            "module.network.aws_subnet.public_subnet",
            "module.network.aws_vpc.app_vpc-wallace-terraform"
          ]
        }
      ]
    },
    {
      "module": "module.network",
      "mode": "managed",
      "type": "aws_subnet",
      "name": "Private_subnet",
      "provider": "provider[\"registry.terraform.io/hashicorp/aws\"]",
      "instances": [
        {
          "schema_version": 1,
          "attributes": {
            "arn": "arn:aws:ec2:us-east-2:975635808270:subnet/subnet-077a04f8f7454754f",
            "assign_ipv6_address_on_creation": false,
            "availability_zone": "us-east-2a",
            "availability_zone_id": "use2-az1",
            "cidr_block": "10.0.2.0/24",
            "customer_owned_ipv4_pool": "",
            "enable_dns64": false,
            "enable_lni_at_device_index": 0,
            "enable_resource_name_dns_a_record_on_launch": false,
            "enable_resource_name_dns_aaaa_record_on_launch": false,
            "id": "subnet-077a04f8f7454754f",
            "ipv6_cidr_block": "",
            "ipv6_cidr_block_association_id": "",
            "ipv6_native": false,
            "map_customer_owned_ip_on_launch": false,
            "map_public_ip_on_launch": false,
            "outpost_arn": "",
            "owner_id": "975635808270",
            "private_dns_hostname_type_on_launch": "ip-name",
            "tags": {
              "Name": "Private-Subnet"
            },
            "tags_all": {
              "Name": "Private-Subnet"
            },
            "timeouts": null,
            "vpc_id": "vpc-01df810fc5bf15918"
          },
          "sensitive_attributes": [],
          "private": "eyJlMmJmYjczMC1lY2FhLTExZTYtOGY4OC0zNDM2M2JjN2M0YzAiOnsiY3JlYXRlIjo2MDAwMDAwMDAwMDAsImRlbGV0ZSI6MTIwMDAwMDAwMDAwMH0sInNjaGVtYV92ZXJzaW9uIjoiMSJ9",
          "dependencies": [
            "module.network.aws_vpc.app_vpc-wallace-terraform"
          ]
        }
      ]
    },
    {
      "module": "module.network",
      "mode": "managed",
      "type": "aws_subnet",
      "name": "public_subnet",
      "provider": "provider[\"registry.terraform.io/hashicorp/aws\"]",
      "instances": [
        {
          "schema_version": 1,
          "attributes": {
            "arn": "arn:aws:ec2:us-east-2:975635808270:subnet/subnet-0cb2b06c6973a1fa4",
            "assign_ipv6_address_on_creation": false,
            "availability_zone": "us-east-2a",
            "availability_zone_id": "use2-az1",
            "cidr_block": "10.0.1.0/24",
            "customer_owned_ipv4_pool": "",
            "enable_dns64": false,
            "enable_lni_at_device_index": 0,
            "enable_resource_name_dns_a_record_on_launch": false,
            "enable_resource_name_dns_aaaa_record_on_launch": false,
            "id": "subnet-0cb2b06c6973a1fa4",
            "ipv6_cidr_block": "",
            "ipv6_cidr_block_association_id": "",
            "ipv6_native": false,
            "map_customer_owned_ip_on_launch": false,
            "map_public_ip_on_launch": false,
            "outpost_arn": "",
            "owner_id": "975635808270",
            "private_dns_hostname_type_on_launch": "ip-name",
            "tags": {
              "Name": "Public-Subnet"
            },
            "tags_all": {
              "Name": "Public-Subnet"
            },
            "timeouts": null,
            "vpc_id": "vpc-01df810fc5bf15918"
          },
          "sensitive_attributes": [],
          "private": "eyJlMmJmYjczMC1lY2FhLTExZTYtOGY4OC0zNDM2M2JjN2M0YzAiOnsiY3JlYXRlIjo2MDAwMDAwMDAwMDAsImRlbGV0ZSI6MTIwMDAwMDAwMDAwMH0sInNjaGVtYV92ZXJzaW9uIjoiMSJ9",
          "dependencies": [
            "module.network.aws_vpc.app_vpc-wallace-terraform"
          ]
        }
      ]
    },
    {
      "module": "module.network",
      "mode": "managed",
      "type": "aws_vpc",
      "name": "app_vpc-wallace-terraform",
      "provider": "provider[\"registry.terraform.io/hashicorp/aws\"]",
      "instances": [
        {
          "schema_version": 1,
          "attributes": {
            "arn": "arn:aws:ec2:us-east-2:975635808270:vpc/vpc-01df810fc5bf15918",
            "assign_generated_ipv6_cidr_block": false,
            "cidr_block": "10.0.0.0/16",
            "default_network_acl_id": "acl-0776baf6aaf465136",
            "default_route_table_id": "rtb-0ad7325b7bd448a7c",
            "default_security_group_id": "sg-0b9a3af09731e173d",
            "dhcp_options_id": "dopt-b2be4edb",
            "enable_dns_hostnames": true,
            "enable_dns_support": true,
            "enable_network_address_usage_metrics": false,
            "id": "vpc-01df810fc5bf15918",
            "instance_tenancy": "default",
            "ipv4_ipam_pool_id": null,
            "ipv4_netmask_length": null,
            "ipv6_association_id": "",
            "ipv6_cidr_block": "",
            "ipv6_cidr_block_network_border_group": "",
            "ipv6_ipam_pool_id": "",
            "ipv6_netmask_length": 0,
            "main_route_table_id": "rtb-0ad7325b7bd448a7c",
            "owner_id": "975635808270",
            "tags": {
              "Name": "app-vpc-wallace"
            },
            "tags_all": {
              "Name": "app-vpc-wallace"
            }
          },
          "sensitive_attributes": [],
          "private": "eyJzY2hlbWFfdmVyc2lvbiI6IjEifQ=="
        }
      ]
    }
  ],
  "check_results": null
}
